
Microsoft Visual Studio Solution File, Format Version 12.00
# Visual Studio Version 16
VisualStudioVersion = 16.0.31624.102
MinimumVisualStudioVersion = 10.0.40219.1
Project("{FAE04EC0-301F-11D3-BF4B-00C04F79EFBC}") = "ProductApp", "ProductApp\ProductApp.csproj", "{A2DC21FF-C3D7-49A4-8372-525D9AABE211}"
EndProject
Global
	GlobalSection(SolutionConfigurationPlatforms) = preSolution
		Debug|Any CPU = Debug|Any CPU
		Release|Any CPU = Release|Any CPU
	EndGlobalSection
	GlobalSection(ProjectConfigurationPlatforms) = postSolution
		{A2DC21FF-C3D7-49A4-8372-525D9AABE211}.Debug|Any CPU.ActiveCfg = Debug|Any CPU
		{A2DC21FF-C3D7-49A4-8372-525D9AABE211}.Debug|Any CPU.Build.0 = Debug|Any CPU
		{A2DC21FF-C3D7-49A4-8372-525D9AABE211}.Release|Any CPU.ActiveCfg = Release|Any CPU
		{A2DC21FF-C3D7-49A4-8372-525D9AABE211}.Release|Any CPU.Build.0 = Release|Any CPU
	EndGlobalSection
	GlobalSection(SolutionProperties) = preSolution
		HideSolutionNode = FALSE
	EndGlobalSection
	GlobalSection(ExtensibilityGlobals) = postSolution
		SolutionGuid = {6DA4D731-168D-49F6-AD6B-E7024DA24327}
	EndGlobalSection
EndGlobal
